// !$*UTF8*$!
{
	archiveVersion = 1;
	classes = {
	};
	objectVersion = 46;
	objects = {

/* Begin PBXBuildFile section */
		83E4917E2FDD8C014B497CC9 /* Pods.framework in Frameworks */ = {isa = PBXBuildFile; fileRef = 29084DDF74711EE3092E6B2A /* Pods.framework */; };
		C86094671C83E82D005D23EC /* Channel.swift in Sources */ = {isa = PBXBuildFile; fileRef = C86094661C83E82D005D23EC /* Channel.swift */; };
		C860946A1C83E9D1005D23EC /* HTTPTool.swift in Sources */ = {isa = PBXBuildFile; fileRef = C86094691C83E9D1005D23EC /* HTTPTool.swift */; };
		C860946C1C83EE84005D23EC /* Defines.swift in Sources */ = {isa = PBXBuildFile; fileRef = C860946B1C83EE84005D23EC /* Defines.swift */; };
		C86094721C846165005D23EC /* SideMenuController.swift in Sources */ = {isa = PBXBuildFile; fileRef = C86094711C846165005D23EC /* SideMenuController.swift */; };
		C86094761C852F87005D23EC /* SongInfo.swift in Sources */ = {isa = PBXBuildFile; fileRef = C86094751C852F87005D23EC /* SongInfo.swift */; };
		C890482A1C814AD900596FB0 /* AppDelegate.swift in Sources */ = {isa = PBXBuildFile; fileRef = C89048291C814AD900596FB0 /* AppDelegate.swift */; };
		C890482F1C814AD900596FB0 /* Main.storyboard in Resources */ = {isa = PBXBuildFile; fileRef = C890482D1C814AD900596FB0 /* Main.storyboard */; };
		C89048311C814AD900596FB0 /* Assets.xcassets in Resources */ = {isa = PBXBuildFile; fileRef = C89048301C814AD900596FB0 /* Assets.xcassets */; };
		C89048341C814AD900596FB0 /* LaunchScreen.storyboard in Resources */ = {isa = PBXBuildFile; fileRef = C89048321C814AD900596FB0 /* LaunchScreen.storyboard */; };
		C89048461C82A3B500596FB0 /* DiscView.swift in Sources */ = {isa = PBXBuildFile; fileRef = C89048451C82A3B500596FB0 /* DiscView.swift */; };
		C89048491C82A3CE00596FB0 /* ViewController.swift in Sources */ = {isa = PBXBuildFile; fileRef = C89048481C82A3CE00596FB0 /* ViewController.swift */; };
		C8CE2F271C884D2300BA45E6 /* LTAudioPlayer.swift in Sources */ = {isa = PBXBuildFile; fileRef = C8CE2F261C884D2300BA45E6 /* LTAudioPlayer.swift */; };
/* End PBXBuildFile section */

/* Begin PBXFileReference section */
		29084DDF74711EE3092E6B2A /* Pods.framework */ = {isa = PBXFileReference; explicitFileType = wrapper.framework; includeInIndex = 0; path = Pods.framework; sourceTree = BUILT_PRODUCTS_DIR; };
		40F55DF0FEFEE9A00159533E /* Pods.release.xcconfig */ = {isa = PBXFileReference; includeInIndex = 1; lastKnownFileType = text.xcconfig; name = Pods.release.xcconfig; path = "Pods/Target Support Files/Pods/Pods.release.xcconfig"; sourceTree = "<group>"; };
		48B1B19E311537FC3EC72EB6 /* Pods.debug.xcconfig */ = {isa = PBXFileReference; includeInIndex = 1; lastKnownFileType = text.xcconfig; name = Pods.debug.xcconfig; path = "Pods/Target Support Files/Pods/Pods.debug.xcconfig"; sourceTree = "<group>"; };
		C86094661C83E82D005D23EC /* Channel.swift */ = {isa = PBXFileReference; fileEncoding = 4; lastKnownFileType = sourcecode.swift; path = Channel.swift; sourceTree = "<group>"; };
		C86094691C83E9D1005D23EC /* HTTPTool.swift */ = {isa = PBXFileReference; fileEncoding = 4; lastKnownFileType = sourcecode.swift; path = HTTPTool.swift; sourceTree = "<group>"; };
		C860946B1C83EE84005D23EC /* Defines.swift */ = {isa = PBXFileReference; fileEncoding = 4; lastKnownFileType = sourcecode.swift; path = Defines.swift; sourceTree = "<group>"; };
		C86094711C846165005D23EC /* SideMenuController.swift */ = {isa = PBXFileReference; fileEncoding = 4; lastKnownFileType = sourcecode.swift; path = SideMenuController.swift; sourceTree = "<group>"; };
		C86094751C852F87005D23EC /* SongInfo.swift */ = {isa = PBXFileReference; fileEncoding = 4; lastKnownFileType = sourcecode.swift; path = SongInfo.swift; sourceTree = "<group>"; };
		C89048261C814AD900596FB0 /* LTDouBanFM.app */ = {isa = PBXFileReference; explicitFileType = wrapper.application; includeInIndex = 0; path = LTDouBanFM.app; sourceTree = BUILT_PRODUCTS_DIR; };
		C89048291C814AD900596FB0 /* AppDelegate.swift */ = {isa = PBXFileReference; lastKnownFileType = sourcecode.swift; path = AppDelegate.swift; sourceTree = "<group>"; };
		C890482E1C814AD900596FB0 /* Base */ = {isa = PBXFileReference; lastKnownFileType = file.storyboard; name = Base; path = Base.lproj/Main.storyboard; sourceTree = "<group>"; };
		C89048301C814AD900596FB0 /* Assets.xcassets */ = {isa = PBXFileReference; lastKnownFileType = folder.assetcatalog; path = Assets.xcassets; sourceTree = "<group>"; };
		C89048331C814AD900596FB0 /* Base */ = {isa = PBXFileReference; lastKnownFileType = file.storyboard; name = Base; path = Base.lproj/LaunchScreen.storyboard; sourceTree = "<group>"; };
		C89048351C814AD900596FB0 /* Info.plist */ = {isa = PBXFileReference; lastKnownFileType = text.plist.xml; path = Info.plist; sourceTree = "<group>"; };
		C890483B1C817F1700596FB0 /* LTDouBanFM-Bridging-Header.h */ = {isa = PBXFileReference; lastKnownFileType = sourcecode.c.h; path = "LTDouBanFM-Bridging-Header.h"; sourceTree = SOURCE_ROOT; };
		C89048451C82A3B500596FB0 /* DiscView.swift */ = {isa = PBXFileReference; fileEncoding = 4; lastKnownFileType = sourcecode.swift; path = DiscView.swift; sourceTree = "<group>"; };
		C89048481C82A3CE00596FB0 /* ViewController.swift */ = {isa = PBXFileReference; fileEncoding = 4; lastKnownFileType = sourcecode.swift; path = ViewController.swift; sourceTree = "<group>"; };
		C8CE2F261C884D2300BA45E6 /* LTAudioPlayer.swift */ = {isa = PBXFileReference; fileEncoding = 4; lastKnownFileType = sourcecode.swift; path = LTAudioPlayer.swift; sourceTree = "<group>"; };
/* End PBXFileReference section */

/* Begin PBXFrameworksBuildPhase section */
		C89048231C814AD900596FB0 /* Frameworks */ = {
			isa = PBXFrameworksBuildPhase;
			buildActionMask = 2147483647;
			files = (
				83E4917E2FDD8C014B497CC9 /* Pods.framework in Frameworks */,
			);
			runOnlyForDeploymentPostprocessing = 0;
		};
/* End PBXFrameworksBuildPhase section */

/* Begin PBXGroup section */
		14DA687E60AAB64E4FF9AD78 /* Frameworks */ = {
			isa = PBXGroup;
			children = (
				29084DDF74711EE3092E6B2A /* Pods.framework */,
			);
			name = Frameworks;
			sourceTree = "<group>";
		};
		C86094681C83E8D4005D23EC /* Utility */ = {
			isa = PBXGroup;
			children = (
				C86094691C83E9D1005D23EC /* HTTPTool.swift */,
				C860946B1C83EE84005D23EC /* Defines.swift */,
				C8CE2F261C884D2300BA45E6 /* LTAudioPlayer.swift */,
			);
			path = Utility;
			sourceTree = "<group>";
		};
		C890481D1C814AD900596FB0 = {
			isa = PBXGroup;
			children = (
				C89048281C814AD900596FB0 /* LTDouBanFM */,
				C89048271C814AD900596FB0 /* Products */,
				E2CD887FFB5B25E290485A60 /* Pods */,
				14DA687E60AAB64E4FF9AD78 /* Frameworks */,
			);
			sourceTree = "<group>";
		};
		C89048271C814AD900596FB0 /* Products */ = {
			isa = PBXGroup;
			children = (
				C89048261C814AD900596FB0 /* LTDouBanFM.app */,
			);
			name = Products;
			sourceTree = "<group>";
		};
		C89048281C814AD900596FB0 /* LTDouBanFM */ = {
			isa = PBXGroup;
			children = (
				C86094681C83E8D4005D23EC /* Utility */,
				C89048471C82A3CE00596FB0 /* Controller */,
				C89048441C82A3B500596FB0 /* View */,
				C89048431C82A3AE00596FB0 /* Model */,
				C89048291C814AD900596FB0 /* AppDelegate.swift */,
				C890483B1C817F1700596FB0 /* LTDouBanFM-Bridging-Header.h */,
				C890482D1C814AD900596FB0 /* Main.storyboard */,
				C89048301C814AD900596FB0 /* Assets.xcassets */,
				C89048321C814AD900596FB0 /* LaunchScreen.storyboard */,
				C89048351C814AD900596FB0 /* Info.plist */,
			);
			path = LTDouBanFM;
			sourceTree = "<group>";
		};
		C89048431C82A3AE00596FB0 /* Model */ = {
			isa = PBXGroup;
			children = (
				C86094661C83E82D005D23EC /* Channel.swift */,
				C86094751C852F87005D23EC /* SongInfo.swift */,
			);
			path = Model;
			sourceTree = "<group>";
		};
		C89048441C82A3B500596FB0 /* View */ = {
			isa = PBXGroup;
			children = (
				C89048451C82A3B500596FB0 /* DiscView.swift */,
			);
			path = View;
			sourceTree = "<group>";
		};
		C89048471C82A3CE00596FB0 /* Controller */ = {
			isa = PBXGroup;
			children = (
				C89048481C82A3CE00596FB0 /* ViewController.swift */,
				C86094711C846165005D23EC /* SideMenuController.swift */,
			);
			path = Controller;
			sourceTree = "<group>";
		};
		E2CD887FFB5B25E290485A60 /* Pods */ = {
			isa = PBXGroup;
			children = (
				48B1B19E311537FC3EC72EB6 /* Pods.debug.xcconfig */,
				40F55DF0FEFEE9A00159533E /* Pods.release.xcconfig */,
			);
			name = Pods;
			sourceTree = "<group>";
		};
/* End PBXGroup section */

/* Begin PBXNativeTarget section */
		C89048251C814AD900596FB0 /* LTDouBanFM */ = {
			isa = PBXNativeTarget;
			buildConfigurationList = C89048381C814AD900596FB0 /* Build configuration list for PBXNativeTarget "LTDouBanFM" */;
			buildPhases = (
				6502F50F41EE5AFF01AAFC86 /* Check Pods Manifest.lock */,
				C89048221C814AD900596FB0 /* Sources */,
				C89048231C814AD900596FB0 /* Frameworks */,
				C89048241C814AD900596FB0 /* Resources */,
				BE58EEAE8EDB04EADCECA99A /* Embed Pods Frameworks */,
				49EDFB7E9C7C73ECE2F5227F /* Copy Pods Resources */,
			);
			buildRules = (
			);
			dependencies = (
			);
			name = LTDouBanFM;
			productName = LTDouBanFM;
			productReference = C89048261C814AD900596FB0 /* LTDouBanFM.app */;
			productType = "com.apple.product-type.application";
		};
/* End PBXNativeTarget section */

/* Begin PBXProject section */
		C890481E1C814AD900596FB0 /* Project object */ = {
			isa = PBXProject;
			attributes = {
				LastSwiftUpdateCheck = 0720;
				LastUpgradeCheck = 0720;
				ORGANIZATIONNAME = "liu ting";
				TargetAttributes = {
					C89048251C814AD900596FB0 = {
						CreatedOnToolsVersion = 7.2.1;
						DevelopmentTeam = QCER3M49EF;
					};
				};
			};
			buildConfigurationList = C89048211C814AD900596FB0 /* Build configuration list for PBXProject "LTDouBanFM" */;
			compatibilityVersion = "Xcode 3.2";
			developmentRegion = English;
			hasScannedForEncodings = 0;
			knownRegions = (
				en,
				Base,
			);
			mainGroup = C890481D1C814AD900596FB0;
			productRefGroup = C89048271C814AD900596FB0 /* Products */;
			projectDirPath = "";
			projectRoot = "";
			targets = (
				C89048251C814AD900596FB0 /* LTDouBanFM */,
			);
		};
/* End PBXProject section */

/* Begin PBXResourcesBuildPhase section */
		C89048241C814AD900596FB0 /* Resources */ = {
			isa = PBXResourcesBuildPhase;
			buildActionMask = 2147483647;
			files = (
				C89048341C814AD900596FB0 /* LaunchScreen.storyboard in Resources */,
				C89048311C814AD900596FB0 /* Assets.xcassets in Resources */,
				C890482F1C814AD900596FB0 /* Main.storyboard in Resources */,
			);
			runOnlyForDeploymentPostprocessing = 0;
		};
/* End PBXResourcesBuildPhase section */

/* Begin PBXShellScriptBuildPhase section */
		49EDFB7E9C7C73ECE2F5227F /* Copy Pods Resources */ = {
			isa = PBXShellScriptBuildPhase;
			buildActionMask = 2147483647;
			files = (
			);
			inputPaths = (
			);
			name = "Copy Pods Resources";
			outputPaths = (
			);
			runOnlyForDeploymentPostprocessing = 0;
			shellPath = /bin/sh;
			shellScript = "\"${SRCROOT}/Pods/Target Support Files/Pods/Pods-resources.sh\"\n";
			showEnvVarsInLog = 0;
		};
		6502F50F41EE5AFF01AAFC86 /* Check Pods Manifest.lock */ = {
			isa = PBXShellScriptBuildPhase;
			buildActionMask = 2147483647;
			files = (
			);
			inputPaths = (
			);
			name = "Check Pods Manifest.lock";
			outputPaths = (
			);
			runOnlyForDeploymentPostprocessing = 0;
			shellPath = /bin/sh;
			shellScript = "diff \"${PODS_ROOT}/../Podfile.lock\" \"${PODS_ROOT}/Manifest.lock\" > /dev/null\nif [[ $? != 0 ]] ; then\n    cat << EOM\nerror: The sandbox is not in sync with the Podfile.lock. Run 'pod install' or update your CocoaPods installation.\nEOM\n    exit 1\nfi\n";
			showEnvVarsInLog = 0;
		};
		BE58EEAE8EDB04EADCECA99A /* Embed Pods Frameworks */ = {
			isa = PBXShellScriptBuildPhase;
			buildActionMask = 2147483647;
			files = (
			);
			inputPaths = (
			);
			name = "Embed Pods Frameworks";
			outputPaths = (
			);
			runOnlyForDeploymentPostprocessing = 0;
			shellPath = /bin/sh;
			shellScript = "\"${SRCROOT}/Pods/Target Support Files/Pods/Pods-frameworks.sh\"\n";
			showEnvVarsInLog = 0;
		};
/* End PBXShellScriptBuildPhase section */

/* Begin PBXSourcesBuildPhase section */
		C89048221C814AD900596FB0 /* Sources */ = {
			isa = PBXSourcesBuildPhase;
			buildActionMask = 2147483647;
			files = (
				C86094761C852F87005D23EC /* SongInfo.swift in Sources */,
				C860946C1C83EE84005D23EC /* Defines.swift in Sources */,
				C89048491C82A3CE00596FB0 /* ViewController.swift in Sources */,
				C86094671C83E82D005D23EC /* Channel.swift in Sources */,
				C89048461C82A3B500596FB0 /* DiscView.swift in Sources */,
				C86094721C846165005D23EC /* SideMenuController.swift in Sources */,
				C890482A1C814AD900596FB0 /* AppDelegate.swift in Sources */,
				C8CE2F271C884D2300BA45E6 /* LTAudioPlayer.swift in Sources */,
				C860946A1C83E9D1005D23EC /* HTTPTool.swift in Sources */,
			);
			runOnlyForDeploymentPostprocessing = 0;
		};
/* End PBXSourcesBuildPhase section */

/* Begin PBXVariantGroup section */
		C890482D1C814AD900596FB0 /* Main.storyboard */ = {
			isa = PBXVariantGroup;
			children = (
				C890482E1C814AD900596FB0 /* Base */,
			);
			name = Main.storyboard;
			sourceTree = "<group>";
		};
		C89048321C814AD900596FB0 /* LaunchScreen.storyboard */ = {
			isa = PBXVariantGroup;
			children = (
				C89048331C814AD900596FB0 /* Base */,
			);
			name = LaunchScreen.storyboard;
			sourceTree = "<group>";
		};
/* End PBXVariantGroup section */

/* Begin XCBuildConfiguration section */
		C89048361C814AD900596FB0 /* Debug */ = {
			isa = XCBuildConfiguration;
			buildSettings = {
				ALWAYS_SEARCH_USER_PATHS = NO;
				CLANG_CXX_LANGUAGE_STANDARD = "gnu++0x";
				CLANG_CXX_LIBRARY = "libc++";
				CLANG_ENABLE_MODULES = YES;
				CLANG_ENABLE_OBJC_ARC = YES;
				CLANG_WARN_BOOL_CONVERSION = YES;
				CLANG_WARN_CONSTANT_CONVERSION = YES;
				CLANG_WARN_DIRECT_OBJC_ISA_USAGE = YES_ERROR;
				CLANG_WARN_EMPTY_BODY = YES;
				CLANG_WARN_ENUM_CONVERSION = YES;
				CLANG_WARN_INT_CONVERSION = YES;
				CLANG_WARN_OBJC_ROOT_CLASS = YES_ERROR;
				CLANG_WARN_UNREACHABLE_CODE = YES;
				CLANG_WARN__DUPLICATE_METHOD_MATCH = YES;
				"CODE_SIGN_IDENTITY[sdk=iphoneos*]" = "iPhone Developer";
				COPY_PHASE_STRIP = NO;
				DEBUG_INFORMATION_FORMAT = dwarf;
				ENABLE_STRICT_OBJC_MSGSEND = YES;
				ENABLE_TESTABILITY = YES;
				GCC_C_LANGUAGE_STANDARD = gnu99;
				GCC_DYNAMIC_NO_PIC = NO;
				GCC_NO_COMMON_BLOCKS = YES;
				GCC_OPTIMIZATION_LEVEL = 0;
				GCC_PREPROCESSOR_DEFINITIONS = (
					"DEBUG=1",
					"$(inherited)",
				);
				GCC_WARN_64_TO_32_BIT_CONVERSION = YES;
				GCC_WARN_ABOUT_RETURN_TYPE = YES_ERROR;
				GCC_WARN_UNDECLARED_SELECTOR = YES;
				GCC_WARN_UNINITIALIZED_AUTOS = YES_AGGRESSIVE;
				GCC_WARN_UNUSED_FUNCTION = YES;
				GCC_WARN_UNUSED_VARIABLE = YES;
				IPHONEOS_DEPLOYMENT_TARGET = 9.2;
				MTL_ENABLE_DEBUG_INFO = YES;
				ONLY_ACTIVE_ARCH = YES;
				SDKROOT = iphoneos;
				SWIFT_OPTIMIZATION_LEVEL = "-Onone";
			};
			name = Debug;
		};
		C89048371C814AD900596FB0 /* Release */ = {
			isa = XCBuildConfiguration;
			buildSettings = {
				ALWAYS_SEARCH_USER_PATHS = NO;
				CLANG_CXX_LANGUAGE_STANDARD = "gnu++0x";
				CLANG_CXX_LIBRARY = "libc++";
				CLANG_ENABLE_MODULES = YES;
				CLANG_ENABLE_OBJC_ARC = YES;
				CLANG_WARN_BOOL_CONVERSION = YES;
				CLANG_WARN_CONSTANT_CONVERSION = YES;
				CLANG_WARN_DIRECT_OBJC_ISA_USAGE = YES_ERROR;
				CLANG_WARN_EMPTY_BODY = YES;
				CLANG_WARN_ENUM_CONVERSION = YES;
				CLANG_WARN_INT_CONVERSION = YES;
				CLANG_WARN_OBJC_ROOT_CLASS = YES_ERROR;
				CLANG_WARN_UNREACHABLE_CODE = YES;
				CLANG_WARN__DUPLICATE_METHOD_MATCH = YES;
				"CODE_SIGN_IDENTITY[sdk=iphoneos*]" = "iPhone Developer";
				COPY_PHASE_STRIP = NO;
				DEBUG_INFORMATION_FORMAT = "dwarf-with-dsym";
				ENABLE_NS_ASSERTIONS = NO;
				ENABLE_STRICT_OBJC_MSGSEND = YES;
				GCC_C_LANGUAGE_STANDARD = gnu99;
				GCC_NO_COMMON_BLOCKS = YES;
				GCC_WARN_64_TO_32_BIT_CONVERSION = YES;
				GCC_WARN_ABOUT_RETURN_TYPE = YES_ERROR;
				GCC_WARN_UNDECLARED_SELECTOR = YES;
				GCC_WARN_UNINITIALIZED_AUTOS = YES_AGGRESSIVE;
				GCC_WARN_UNUSED_FUNCTION = YES;
				GCC_WARN_UNUSED_VARIABLE = YES;
				IPHONEOS_DEPLOYMENT_TARGET = 9.2;
				MTL_ENABLE_DEBUG_INFO = NO;
				SDKROOT = iphoneos;
				VALIDATE_PRODUCT = YES;
			};
			name = Release;
		};
		C89048391C814AD900596FB0 /* Debug */ = {
			isa = XCBuildConfiguration;
			baseConfigurationReference = 48B1B19E311537FC3EC72EB6 /* Pods.debug.xcconfig */;
			buildSettings = {
				ASSETCATALOG_COMPILER_APPICON_NAME = AppIcon;
				CLANG_ENABLE_MODULES = YES;
				FRAMEWORK_SEARCH_PATHS = (
					"$(inherited)",
					"$(PROJECT_DIR)/build/Debug-iphoneos",
				);
				INFOPLIST_FILE = LTDouBanFM/Info.plist;
				IPHONEOS_DEPLOYMENT_TARGET = 8.0;
				LD_RUNPATH_SEARCH_PATHS = "$(inherited) @executable_path/Frameworks";
				PRODUCT_BUNDLE_IDENTIFIER = com.lt.HelloWorld.LTDouBanFM;
				PRODUCT_NAME = "$(TARGET_NAME)";
				SWIFT_OBJC_BRIDGING_HEADER = "LTDouBanFM-Bridging-Header.h";
				SWIFT_OPTIMIZATION_LEVEL = "-Onone";
			};
			name = Debug;
		};
		C890483A1C814AD900596FB0 /* Release */ = {
			isa = XCBuildConfiguration;
			baseConfigurationReference = 40F55DF0FEFEE9A00159533E /* Pods.release.xcconfig */;
			buildSettings = {
				ASSETCATALOG_COMPILER_APPICON_NAME = AppIcon;
				CLANG_ENABLE_MODULES = YES;
				FRAMEWORK_SEARCH_PATHS = (
					"$(inherited)",
					"$(PROJECT_DIR)/build/Debug-iphoneos",
				);
				INFOPLIST_FILE = LTDouBanFM/Info.plist;
				IPHONEOS_DEPLOYMENT_TARGET = 8.0;
				LD_RUNPATH_SEARCH_PATHS = "$(inherited) @executable_path/Frameworks";
				PRODUCT_BUNDLE_IDENTIFIER = com.lt.HelloWorld.LTDouBanFM;
				PRODUCT_NAME = "$(TARGET_NAME)";
				SWIFT_OBJC_BRIDGING_HEADER = "LTDouBanFM-Bridging-Header.h";
			};
			name = Release;
		};
/* End XCBuildConfiguration section */

/* Begin XCConfigurationList section */
		C89048211C814AD900596FB0 /* Build configuration list for PBXProject "LTDouBanFM" */ = {
			isa = XCConfigurationList;
			buildConfigurations = (
				C89048361C814AD900596FB0 /* Debug */,
				C89048371C814AD900596FB0 /* Release */,
			);
			defaultConfigurationIsVisible = 0;
			defaultConfigurationName = Release;
		};
		C89048381C814AD900596FB0 /* Build configuration list for PBXNativeTarget "LTDouBanFM" */ = {
			isa = XCConfigurationList;
			buildConfigurations = (
				C89048391C814AD900596FB0 /* Debug */,
				C890483A1C814AD900596FB0 /* Release */,
			);
			defaultConfigurationIsVisible = 0;
			defaultConfigurationName = Release;
		};
/* End XCConfigurationList section */
	};
	rootObject = C890481E1C814AD900596FB0 /* Project object */;
}
